
Microsoft Visual Studio Solution File, Format Version 12.00
# Visual Studio Version 17
VisualStudioVersion = 17.11.35303.130
MinimumVisualStudioVersion = 10.0.40219.1
Project("{FAE04EC0-301F-11D3-BF4B-00C04F79EFBC}") = "CheckersLogics", "CheckersLogics\CheckersLogics.csproj", "{8CA0C90C-883C-4FBE-BD25-EE3B75FAD52B}"
EndProject
Project("{FAE04EC0-301F-11D3-BF4B-00C04F79EFBC}") = "GameUI", "GameUI\GameUI.csproj", "{86EBB0BD-DEFA-4FE8-8865-DB721BF2AFF7}"
EndProject
Global
	GlobalSection(SolutionConfigurationPlatforms) = preSolution
		Debug|Any CPU = Debug|Any CPU
		Release|Any CPU = Release|Any CPU
	EndGlobalSection
	GlobalSection(ProjectConfigurationPlatforms) = postSolution
		{8CA0C90C-883C-4FBE-BD25-EE3B75FAD52B}.Debug|Any CPU.ActiveCfg = Debug|Any CPU
		{8CA0C90C-883C-4FBE-BD25-EE3B75FAD52B}.Debug|Any CPU.Build.0 = Debug|Any CPU
		{8CA0C90C-883C-4FBE-BD25-EE3B75FAD52B}.Release|Any CPU.ActiveCfg = Release|Any CPU
		{8CA0C90C-883C-4FBE-BD25-EE3B75FAD52B}.Release|Any CPU.Build.0 = Release|Any CPU
		{86EBB0BD-DEFA-4FE8-8865-DB721BF2AFF7}.Debug|Any CPU.ActiveCfg = Debug|Any CPU
		{86EBB0BD-DEFA-4FE8-8865-DB721BF2AFF7}.Debug|Any CPU.Build.0 = Debug|Any CPU
		{86EBB0BD-DEFA-4FE8-8865-DB721BF2AFF7}.Release|Any CPU.ActiveCfg = Release|Any CPU
		{86EBB0BD-DEFA-4FE8-8865-DB721BF2AFF7}.Release|Any CPU.Build.0 = Release|Any CPU
	EndGlobalSection
	GlobalSection(SolutionProperties) = preSolution
		HideSolutionNode = FALSE
	EndGlobalSection
	GlobalSection(ExtensibilityGlobals) = postSolution
		SolutionGuid = {6E669998-5628-482D-B5AF-0C6038E0BC29}
	EndGlobalSection
EndGlobal
